// !$*UTF8*$!
{
	archiveVersion = 1;
	classes = {
	};
	objectVersion = 56;
	objects = {

/* Begin PBXAggregateTarget section */
		AB554B212B56217500D5A3AA /* PackMKToolSDK */ = {
			isa = PBXAggregateTarget;
			buildConfigurationList = AB554B242B56217500D5A3AA /* Build configuration list for PBXAggregateTarget "PackMKToolSDK" */;
			buildPhases = (
				AB554B252B56218700D5A3AA /* ShellScript */,
			);
			dependencies = (
			);
			name = PackMKToolSDK;
			productName = PackMKToolSDK;
		};
/* End PBXAggregateTarget section */

/* Begin PBXBuildFile section */
		AB62FCE82B5624DB0075D66A /* UITextField+FunctionExpansion.m in Sources */ = {isa = PBXBuildFile; fileRef = AB62FCBE2B5624DB0075D66A /* UITextField+FunctionExpansion.m */; };
		AB62FCE92B5624DB0075D66A /* UINavigationController+FDFullscreenPopGesture.h in Headers */ = {isa = PBXBuildFile; fileRef = AB62FCBF2B5624DB0075D66A /* UINavigationController+FDFullscreenPopGesture.h */; settings = {ATTRIBUTES = (Public, ); }; };
		AB62FCEA2B5624DB0075D66A /* UILabel+FunctionExpansion.h in Headers */ = {isa = PBXBuildFile; fileRef = AB62FCC02B5624DB0075D66A /* UILabel+FunctionExpansion.h */; settings = {ATTRIBUTES = (Public, ); }; };
		AB62FCEB2B5624DB0075D66A /* UIWindow+MKWindowTool.m in Sources */ = {isa = PBXBuildFile; fileRef = AB62FCC12B5624DB0075D66A /* UIWindow+MKWindowTool.m */; };
		AB62FCEC2B5624DB0075D66A /* UIViewController+NavigationBar.h in Headers */ = {isa = PBXBuildFile; fileRef = AB62FCC22B5624DB0075D66A /* UIViewController+NavigationBar.h */; settings = {ATTRIBUTES = (Public, ); }; };
		AB62FCED2B5624DB0075D66A /* UIButton+FunctionExpansion.m in Sources */ = {isa = PBXBuildFile; fileRef = AB62FCC32B5624DB0075D66A /* UIButton+FunctionExpansion.m */; };
		AB62FCEE2B5624DB0075D66A /* UIView+FunctionExpansion.m in Sources */ = {isa = PBXBuildFile; fileRef = AB62FCC42B5624DB0075D66A /* UIView+FunctionExpansion.m */; };
		AB62FCEF2B5624DB0075D66A /* UITextField+FunctionExpansion.h in Headers */ = {isa = PBXBuildFile; fileRef = AB62FCC52B5624DB0075D66A /* UITextField+FunctionExpansion.h */; settings = {ATTRIBUTES = (Public, ); }; };
		AB62FCF02B5624DB0075D66A /* UILabel+FunctionExpansion.m in Sources */ = {isa = PBXBuildFile; fileRef = AB62FCC62B5624DB0075D66A /* UILabel+FunctionExpansion.m */; };
		AB62FCF12B5624DB0075D66A /* UINavigationController+FDFullscreenPopGesture.m in Sources */ = {isa = PBXBuildFile; fileRef = AB62FCC72B5624DB0075D66A /* UINavigationController+FDFullscreenPopGesture.m */; };
		AB62FCF22B5624DB0075D66A /* UIViewController+NavigationBar.m in Sources */ = {isa = PBXBuildFile; fileRef = AB62FCC82B5624DB0075D66A /* UIViewController+NavigationBar.m */; };
		AB62FCF32B5624DB0075D66A /* UIWindow+MKWindowTool.h in Headers */ = {isa = PBXBuildFile; fileRef = AB62FCC92B5624DB0075D66A /* UIWindow+MKWindowTool.h */; settings = {ATTRIBUTES = (Public, ); }; };
		AB62FCF42B5624DB0075D66A /* UIView+FunctionExpansion.h in Headers */ = {isa = PBXBuildFile; fileRef = AB62FCCA2B5624DB0075D66A /* UIView+FunctionExpansion.h */; settings = {ATTRIBUTES = (Public, ); }; };
		AB62FCF52B5624DB0075D66A /* UIButton+FunctionExpansion.h in Headers */ = {isa = PBXBuildFile; fileRef = AB62FCCB2B5624DB0075D66A /* UIButton+FunctionExpansion.h */; settings = {ATTRIBUTES = (Public, ); }; };
		AB62FCF62B5624DB0075D66A /* NSString+LocalizedString.h in Headers */ = {isa = PBXBuildFile; fileRef = AB62FCCD2B5624DB0075D66A /* NSString+LocalizedString.h */; settings = {ATTRIBUTES = (Public, ); }; };
		AB62FCF72B5624DB0075D66A /* MKMD5.m in Sources */ = {isa = PBXBuildFile; fileRef = AB62FCCE2B5624DB0075D66A /* MKMD5.m */; };
		AB62FCF82B5624DB0075D66A /* NSString+Size.h in Headers */ = {isa = PBXBuildFile; fileRef = AB62FCCF2B5624DB0075D66A /* NSString+Size.h */; settings = {ATTRIBUTES = (Public, ); }; };
		AB62FCF92B5624DB0075D66A /* XTTimeTool.h in Headers */ = {isa = PBXBuildFile; fileRef = AB62FCD02B5624DB0075D66A /* XTTimeTool.h */; settings = {ATTRIBUTES = (Public, ); }; };
		AB62FCFA2B5624DB0075D66A /* NSString+LocalizedString.m in Sources */ = {isa = PBXBuildFile; fileRef = AB62FCD12B5624DB0075D66A /* NSString+LocalizedString.m */; };
		AB62FCFB2B5624DB0075D66A /* MKMD5.h in Headers */ = {isa = PBXBuildFile; fileRef = AB62FCD22B5624DB0075D66A /* MKMD5.h */; settings = {ATTRIBUTES = (Public, ); }; };
		AB62FCFC2B5624DB0075D66A /* XTTimeTool.m in Sources */ = {isa = PBXBuildFile; fileRef = AB62FCD32B5624DB0075D66A /* XTTimeTool.m */; };
		AB62FCFD2B5624DB0075D66A /* NSString+Size.m in Sources */ = {isa = PBXBuildFile; fileRef = AB62FCD42B5624DB0075D66A /* NSString+Size.m */; };
		AB62FCFE2B5624DB0075D66A /* NSObject+ModelTool.h in Headers */ = {isa = PBXBuildFile; fileRef = AB62FCD62B5624DB0075D66A /* NSObject+ModelTool.h */; settings = {ATTRIBUTES = (Public, ); }; };
		AB62FCFF2B5624DB0075D66A /* NSDictionary+FromModel.m in Sources */ = {isa = PBXBuildFile; fileRef = AB62FCD72B5624DB0075D66A /* NSDictionary+FromModel.m */; };
		AB62FD002B5624DB0075D66A /* NSObject+ModelTool.m in Sources */ = {isa = PBXBuildFile; fileRef = AB62FCD82B5624DB0075D66A /* NSObject+ModelTool.m */; };
		AB62FD012B5624DB0075D66A /* NSDictionary+FromModel.h in Headers */ = {isa = PBXBuildFile; fileRef = AB62FCD92B5624DB0075D66A /* NSDictionary+FromModel.h */; settings = {ATTRIBUTES = (Public, ); }; };
		AB62FD022B5624DB0075D66A /* UIColor+MKRGB.h in Headers */ = {isa = PBXBuildFile; fileRef = AB62FCDB2B5624DB0075D66A /* UIColor+MKRGB.h */; settings = {ATTRIBUTES = (Public, ); }; };
		AB62FD032B5624DB0075D66A /* UIColor+MKRGB.m in Sources */ = {isa = PBXBuildFile; fileRef = AB62FCDC2B5624DB0075D66A /* UIColor+MKRGB.m */; };
		AB62FD042B5624DB0075D66A /* Common.m in Sources */ = {isa = PBXBuildFile; fileRef = AB62FCDE2B5624DB0075D66A /* Common.m */; };
		AB62FD052B5624DB0075D66A /* Common.h in Headers */ = {isa = PBXBuildFile; fileRef = AB62FCDF2B5624DB0075D66A /* Common.h */; settings = {ATTRIBUTES = (Public, ); }; };
		AB62FD072B5624DB0075D66A /* NSString+Exist.h in Headers */ = {isa = PBXBuildFile; fileRef = AB62FCE22B5624DB0075D66A /* NSString+Exist.h */; settings = {ATTRIBUTES = (Public, ); }; };
		AB62FD082B5624DB0075D66A /* NSNull+Exist.h in Headers */ = {isa = PBXBuildFile; fileRef = AB62FCE32B5624DB0075D66A /* NSNull+Exist.h */; settings = {ATTRIBUTES = (Public, ); }; };
		AB62FD092B5624DB0075D66A /* NSNumber+Exist.m in Sources */ = {isa = PBXBuildFile; fileRef = AB62FCE42B5624DB0075D66A /* NSNumber+Exist.m */; };
		AB62FD0A2B5624DB0075D66A /* NSNull+Exist.m in Sources */ = {isa = PBXBuildFile; fileRef = AB62FCE52B5624DB0075D66A /* NSNull+Exist.m */; };
		AB62FD0B2B5624DB0075D66A /* NSString+Exist.m in Sources */ = {isa = PBXBuildFile; fileRef = AB62FCE62B5624DB0075D66A /* NSString+Exist.m */; };
		AB62FD0C2B5624DB0075D66A /* NSNumber+Exist.h in Headers */ = {isa = PBXBuildFile; fileRef = AB62FCE72B5624DB0075D66A /* NSNumber+Exist.h */; settings = {ATTRIBUTES = (Public, ); }; };
		ABB0E5482B5587060077C96D /* MKTool.docc in Sources */ = {isa = PBXBuildFile; fileRef = ABB0E5472B5587060077C96D /* MKTool.docc */; };
		ABB0E54E2B5587060077C96D /* MKTool.framework in Frameworks */ = {isa = PBXBuildFile; fileRef = ABB0E5432B5587060077C96D /* MKTool.framework */; };
		ABB0E5532B5587060077C96D /* MKToolTests.m in Sources */ = {isa = PBXBuildFile; fileRef = ABB0E5522B5587060077C96D /* MKToolTests.m */; };
		ABB0E5542B5587060077C96D /* MKTool.h in Headers */ = {isa = PBXBuildFile; fileRef = ABB0E5462B5587060077C96D /* MKTool.h */; settings = {ATTRIBUTES = (Public, ); }; };
/* End PBXBuildFile section */

/* Begin PBXContainerItemProxy section */
		ABB0E54F2B5587060077C96D /* PBXContainerItemProxy */ = {
			isa = PBXContainerItemProxy;
			containerPortal = ABB0E53A2B5587060077C96D /* Project object */;
			proxyType = 1;
			remoteGlobalIDString = ABB0E5422B5587060077C96D;
			remoteInfo = MKTool;
		};
/* End PBXContainerItemProxy section */

/* Begin PBXFileReference section */
		AB62FCBE2B5624DB0075D66A /* UITextField+FunctionExpansion.m */ = {isa = PBXFileReference; fileEncoding = 4; lastKnownFileType = sourcecode.c.objc; path = "UITextField+FunctionExpansion.m"; sourceTree = "<group>"; };
		AB62FCBF2B5624DB0075D66A /* UINavigationController+FDFullscreenPopGesture.h */ = {isa = PBXFileReference; fileEncoding = 4; lastKnownFileType = sourcecode.c.h; path = "UINavigationController+FDFullscreenPopGesture.h"; sourceTree = "<group>"; };
		AB62FCC02B5624DB0075D66A /* UILabel+FunctionExpansion.h */ = {isa = PBXFileReference; fileEncoding = 4; lastKnownFileType = sourcecode.c.h; path = "UILabel+FunctionExpansion.h"; sourceTree = "<group>"; };
		AB62FCC12B5624DB0075D66A /* UIWindow+MKWindowTool.m */ = {isa = PBXFileReference; fileEncoding = 4; lastKnownFileType = sourcecode.c.objc; path = "UIWindow+MKWindowTool.m"; sourceTree = "<group>"; };
		AB62FCC22B5624DB0075D66A /* UIViewController+NavigationBar.h */ = {isa = PBXFileReference; fileEncoding = 4; lastKnownFileType = sourcecode.c.h; path = "UIViewController+NavigationBar.h"; sourceTree = "<group>"; };
		AB62FCC32B5624DB0075D66A /* UIButton+FunctionExpansion.m */ = {isa = PBXFileReference; fileEncoding = 4; lastKnownFileType = sourcecode.c.objc; path = "UIButton+FunctionExpansion.m"; sourceTree = "<group>"; };
		AB62FCC42B5624DB0075D66A /* UIView+FunctionExpansion.m */ = {isa = PBXFileReference; fileEncoding = 4; lastKnownFileType = sourcecode.c.objc; path = "UIView+FunctionExpansion.m"; sourceTree = "<group>"; };
		AB62FCC52B5624DB0075D66A /* UITextField+FunctionExpansion.h */ = {isa = PBXFileReference; fileEncoding = 4; lastKnownFileType = sourcecode.c.h; path = "UITextField+FunctionExpansion.h"; sourceTree = "<group>"; };
		AB62FCC62B5624DB0075D66A /* UILabel+FunctionExpansion.m */ = {isa = PBXFileReference; fileEncoding = 4; lastKnownFileType = sourcecode.c.objc; path = "UILabel+FunctionExpansion.m"; sourceTree = "<group>"; };
		AB62FCC72B5624DB0075D66A /* UINavigationController+FDFullscreenPopGesture.m */ = {isa = PBXFileReference; fileEncoding = 4; lastKnownFileType = sourcecode.c.objc; path = "UINavigationController+FDFullscreenPopGesture.m"; sourceTree = "<group>"; };
		AB62FCC82B5624DB0075D66A /* UIViewController+NavigationBar.m */ = {isa = PBXFileReference; fileEncoding = 4; lastKnownFileType = sourcecode.c.objc; path = "UIViewController+NavigationBar.m"; sourceTree = "<group>"; };
		AB62FCC92B5624DB0075D66A /* UIWindow+MKWindowTool.h */ = {isa = PBXFileReference; fileEncoding = 4; lastKnownFileType = sourcecode.c.h; path = "UIWindow+MKWindowTool.h"; sourceTree = "<group>"; };
		AB62FCCA2B5624DB0075D66A /* UIView+FunctionExpansion.h */ = {isa = PBXFileReference; fileEncoding = 4; lastKnownFileType = sourcecode.c.h; path = "UIView+FunctionExpansion.h"; sourceTree = "<group>"; };
		AB62FCCB2B5624DB0075D66A /* UIButton+FunctionExpansion.h */ = {isa = PBXFileReference; fileEncoding = 4; lastKnownFileType = sourcecode.c.h; path = "UIButton+FunctionExpansion.h"; sourceTree = "<group>"; };
		AB62FCCD2B5624DB0075D66A /* NSString+LocalizedString.h */ = {isa = PBXFileReference; fileEncoding = 4; lastKnownFileType = sourcecode.c.h; path = "NSString+LocalizedString.h"; sourceTree = "<group>"; };
		AB62FCCE2B5624DB0075D66A /* MKMD5.m */ = {isa = PBXFileReference; fileEncoding = 4; lastKnownFileType = sourcecode.c.objc; path = MKMD5.m; sourceTree = "<group>"; };
		AB62FCCF2B5624DB0075D66A /* NSString+Size.h */ = {isa = PBXFileReference; fileEncoding = 4; lastKnownFileType = sourcecode.c.h; path = "NSString+Size.h"; sourceTree = "<group>"; };
		AB62FCD02B5624DB0075D66A /* XTTimeTool.h */ = {isa = PBXFileReference; fileEncoding = 4; lastKnownFileType = sourcecode.c.h; path = XTTimeTool.h; sourceTree = "<group>"; };
		AB62FCD12B5624DB0075D66A /* NSString+LocalizedString.m */ = {isa = PBXFileReference; fileEncoding = 4; lastKnownFileType = sourcecode.c.objc; path = "NSString+LocalizedString.m"; sourceTree = "<group>"; };
		AB62FCD22B5624DB0075D66A /* MKMD5.h */ = {isa = PBXFileReference; fileEncoding = 4; lastKnownFileType = sourcecode.c.h; path = MKMD5.h; sourceTree = "<group>"; };
		AB62FCD32B5624DB0075D66A /* XTTimeTool.m */ = {isa = PBXFileReference; fileEncoding = 4; lastKnownFileType = sourcecode.c.objc; path = XTTimeTool.m; sourceTree = "<group>"; };
		AB62FCD42B5624DB0075D66A /* NSString+Size.m */ = {isa = PBXFileReference; fileEncoding = 4; lastKnownFileType = sourcecode.c.objc; path = "NSString+Size.m"; sourceTree = "<group>"; };
		AB62FCD62B5624DB0075D66A /* NSObject+ModelTool.h */ = {isa = PBXFileReference; fileEncoding = 4; lastKnownFileType = sourcecode.c.h; path = "NSObject+ModelTool.h"; sourceTree = "<group>"; };
		AB62FCD72B5624DB0075D66A /* NSDictionary+FromModel.m */ = {isa = PBXFileReference; fileEncoding = 4; lastKnownFileType = sourcecode.c.objc; path = "NSDictionary+FromModel.m"; sourceTree = "<group>"; };
		AB62FCD82B5624DB0075D66A /* NSObject+ModelTool.m */ = {isa = PBXFileReference; fileEncoding = 4; lastKnownFileType = sourcecode.c.objc; path = "NSObject+ModelTool.m"; sourceTree = "<group>"; };
		AB62FCD92B5624DB0075D66A /* NSDictionary+FromModel.h */ = {isa = PBXFileReference; fileEncoding = 4; lastKnownFileType = sourcecode.c.h; path = "NSDictionary+FromModel.h"; sourceTree = "<group>"; };
		AB62FCDB2B5624DB0075D66A /* UIColor+MKRGB.h */ = {isa = PBXFileReference; fileEncoding = 4; lastKnownFileType = sourcecode.c.h; path = "UIColor+MKRGB.h"; sourceTree = "<group>"; };
		AB62FCDC2B5624DB0075D66A /* UIColor+MKRGB.m */ = {isa = PBXFileReference; fileEncoding = 4; lastKnownFileType = sourcecode.c.objc; path = "UIColor+MKRGB.m"; sourceTree = "<group>"; };
		AB62FCDE2B5624DB0075D66A /* Common.m */ = {isa = PBXFileReference; fileEncoding = 4; lastKnownFileType = sourcecode.c.objc; path = Common.m; sourceTree = "<group>"; };
		AB62FCDF2B5624DB0075D66A /* Common.h */ = {isa = PBXFileReference; fileEncoding = 4; lastKnownFileType = sourcecode.c.h; path = Common.h; sourceTree = "<group>"; };
		AB62FCE22B5624DB0075D66A /* NSString+Exist.h */ = {isa = PBXFileReference; fileEncoding = 4; lastKnownFileType = sourcecode.c.h; path = "NSString+Exist.h"; sourceTree = "<group>"; };
		AB62FCE32B5624DB0075D66A /* NSNull+Exist.h */ = {isa = PBXFileReference; fileEncoding = 4; lastKnownFileType = sourcecode.c.h; path = "NSNull+Exist.h"; sourceTree = "<group>"; };
		AB62FCE42B5624DB0075D66A /* NSNumber+Exist.m */ = {isa = PBXFileReference; fileEncoding = 4; lastKnownFileType = sourcecode.c.objc; path = "NSNumber+Exist.m"; sourceTree = "<group>"; };
		AB62FCE52B5624DB0075D66A /* NSNull+Exist.m */ = {isa = PBXFileReference; fileEncoding = 4; lastKnownFileType = sourcecode.c.objc; path = "NSNull+Exist.m"; sourceTree = "<group>"; };
		AB62FCE62B5624DB0075D66A /* NSString+Exist.m */ = {isa = PBXFileReference; fileEncoding = 4; lastKnownFileType = sourcecode.c.objc; path = "NSString+Exist.m"; sourceTree = "<group>"; };
		AB62FCE72B5624DB0075D66A /* NSNumber+Exist.h */ = {isa = PBXFileReference; fileEncoding = 4; lastKnownFileType = sourcecode.c.h; path = "NSNumber+Exist.h"; sourceTree = "<group>"; };
		AB62FD0E2B5626A80075D66A /* MKMacroDefinition.h */ = {isa = PBXFileReference; lastKnownFileType = sourcecode.c.h; path = MKMacroDefinition.h; sourceTree = "<group>"; };
		ABB0E5432B5587060077C96D /* MKTool.framework */ = {isa = PBXFileReference; explicitFileType = wrapper.framework; includeInIndex = 0; path = MKTool.framework; sourceTree = BUILT_PRODUCTS_DIR; };
		ABB0E5462B5587060077C96D /* MKTool.h */ = {isa = PBXFileReference; lastKnownFileType = sourcecode.c.h; path = MKTool.h; sourceTree = "<group>"; };
		ABB0E5472B5587060077C96D /* MKTool.docc */ = {isa = PBXFileReference; lastKnownFileType = folder.documentationcatalog; path = MKTool.docc; sourceTree = "<group>"; };
		ABB0E54D2B5587060077C96D /* MKToolTests.xctest */ = {isa = PBXFileReference; explicitFileType = wrapper.cfbundle; includeInIndex = 0; path = MKToolTests.xctest; sourceTree = BUILT_PRODUCTS_DIR; };
		ABB0E5522B5587060077C96D /* MKToolTests.m */ = {isa = PBXFileReference; lastKnownFileType = sourcecode.c.objc; path = MKToolTests.m; sourceTree = "<group>"; };
/* End PBXFileReference section */

/* Begin PBXFrameworksBuildPhase section */
		ABB0E5402B5587060077C96D /* Frameworks */ = {
			isa = PBXFrameworksBuildPhase;
			buildActionMask = 2147483647;
			files = (
			);
			runOnlyForDeploymentPostprocessing = 0;
		};
		ABB0E54A2B5587060077C96D /* Frameworks */ = {
			isa = PBXFrameworksBuildPhase;
			buildActionMask = 2147483647;
			files = (
				ABB0E54E2B5587060077C96D /* MKTool.framework in Frameworks */,
			);
			runOnlyForDeploymentPostprocessing = 0;
		};
/* End PBXFrameworksBuildPhase section */

/* Begin PBXGroup section */
		AB62FCBD2B5624DB0075D66A /* UITools */ = {
			isa = PBXGroup;
			children = (
				AB62FCCB2B5624DB0075D66A /* UIButton+FunctionExpansion.h */,
				AB62FCC32B5624DB0075D66A /* UIButton+FunctionExpansion.m */,
				AB62FCC02B5624DB0075D66A /* UILabel+FunctionExpansion.h */,
				AB62FCC62B5624DB0075D66A /* UILabel+FunctionExpansion.m */,
				AB62FCBF2B5624DB0075D66A /* UINavigationController+FDFullscreenPopGesture.h */,
				AB62FCC72B5624DB0075D66A /* UINavigationController+FDFullscreenPopGesture.m */,
				AB62FCC52B5624DB0075D66A /* UITextField+FunctionExpansion.h */,
				AB62FCBE2B5624DB0075D66A /* UITextField+FunctionExpansion.m */,
				AB62FCCA2B5624DB0075D66A /* UIView+FunctionExpansion.h */,
				AB62FCC42B5624DB0075D66A /* UIView+FunctionExpansion.m */,
				AB62FCC22B5624DB0075D66A /* UIViewController+NavigationBar.h */,
				AB62FCC82B5624DB0075D66A /* UIViewController+NavigationBar.m */,
				AB62FCC92B5624DB0075D66A /* UIWindow+MKWindowTool.h */,
				AB62FCC12B5624DB0075D66A /* UIWindow+MKWindowTool.m */,
			);
			path = UITools;
			sourceTree = "<group>";
		};
		AB62FCCC2B5624DB0075D66A /* FunctionExpansion */ = {
			isa = PBXGroup;
			children = (
				AB62FCCD2B5624DB0075D66A /* NSString+LocalizedString.h */,
				AB62FCCE2B5624DB0075D66A /* MKMD5.m */,
				AB62FCCF2B5624DB0075D66A /* NSString+Size.h */,
				AB62FCD02B5624DB0075D66A /* XTTimeTool.h */,
				AB62FCD12B5624DB0075D66A /* NSString+LocalizedString.m */,
				AB62FCD22B5624DB0075D66A /* MKMD5.h */,
				AB62FCD32B5624DB0075D66A /* XTTimeTool.m */,
				AB62FCD42B5624DB0075D66A /* NSString+Size.m */,
			);
			path = FunctionExpansion;
			sourceTree = "<group>";
		};
		AB62FCD52B5624DB0075D66A /* QuickModel */ = {
			isa = PBXGroup;
			children = (
				AB62FCD62B5624DB0075D66A /* NSObject+ModelTool.h */,
				AB62FCD72B5624DB0075D66A /* NSDictionary+FromModel.m */,
				AB62FCD82B5624DB0075D66A /* NSObject+ModelTool.m */,
				AB62FCD92B5624DB0075D66A /* NSDictionary+FromModel.h */,
			);
			path = QuickModel;
			sourceTree = "<group>";
		};
		AB62FCDA2B5624DB0075D66A /* Color */ = {
			isa = PBXGroup;
			children = (
				AB62FCDB2B5624DB0075D66A /* UIColor+MKRGB.h */,
				AB62FCDC2B5624DB0075D66A /* UIColor+MKRGB.m */,
			);
			path = Color;
			sourceTree = "<group>";
		};
		AB62FCDD2B5624DB0075D66A /* Common */ = {
			isa = PBXGroup;
			children = (
				AB62FCDE2B5624DB0075D66A /* Common.m */,
				AB62FCDF2B5624DB0075D66A /* Common.h */,
			);
			path = Common;
			sourceTree = "<group>";
		};
		AB62FCE12B5624DB0075D66A /* ObjectExist */ = {
			isa = PBXGroup;
			children = (
				AB62FCE22B5624DB0075D66A /* NSString+Exist.h */,
				AB62FCE32B5624DB0075D66A /* NSNull+Exist.h */,
				AB62FCE42B5624DB0075D66A /* NSNumber+Exist.m */,
				AB62FCE52B5624DB0075D66A /* NSNull+Exist.m */,
				AB62FCE62B5624DB0075D66A /* NSString+Exist.m */,
				AB62FCE72B5624DB0075D66A /* NSNumber+Exist.h */,
			);
			path = ObjectExist;
			sourceTree = "<group>";
		};
		ABB0E5392B5587060077C96D = {
			isa = PBXGroup;
			children = (
				ABB0E5452B5587060077C96D /* MKTool */,
				ABB0E5512B5587060077C96D /* MKToolTests */,
				ABB0E5442B5587060077C96D /* Products */,
			);
			sourceTree = "<group>";
		};
		ABB0E5442B5587060077C96D /* Products */ = {
			isa = PBXGroup;
			children = (
				ABB0E5432B5587060077C96D /* MKTool.framework */,
				ABB0E54D2B5587060077C96D /* MKToolTests.xctest */,
			);
			name = Products;
			sourceTree = "<group>";
		};
		ABB0E5452B5587060077C96D /* MKTool */ = {
			isa = PBXGroup;
			children = (
				AB62FCDA2B5624DB0075D66A /* Color */,
				AB62FCDD2B5624DB0075D66A /* Common */,
				AB62FCCC2B5624DB0075D66A /* FunctionExpansion */,
				AB62FCE12B5624DB0075D66A /* ObjectExist */,
				AB62FCD52B5624DB0075D66A /* QuickModel */,
				AB62FCBD2B5624DB0075D66A /* UITools */,
				ABB0E5462B5587060077C96D /* MKTool.h */,
				AB62FD0E2B5626A80075D66A /* MKMacroDefinition.h */,
				ABB0E5472B5587060077C96D /* MKTool.docc */,
			);
			path = MKTool;
			sourceTree = "<group>";
		};
		ABB0E5512B5587060077C96D /* MKToolTests */ = {
			isa = PBXGroup;
			children = (
				ABB0E5522B5587060077C96D /* MKToolTests.m */,
			);
			path = MKToolTests;
			sourceTree = "<group>";
		};
/* End PBXGroup section */

/* Begin PBXHeadersBuildPhase section */
		ABB0E53E2B5587060077C96D /* Headers */ = {
			isa = PBXHeadersBuildPhase;
			buildActionMask = 2147483647;
			files = (
				AB62FD072B5624DB0075D66A /* NSString+Exist.h in Headers */,
				AB62FCF92B5624DB0075D66A /* XTTimeTool.h in Headers */,
				AB62FD012B5624DB0075D66A /* NSDictionary+FromModel.h in Headers */,
				AB62FCF42B5624DB0075D66A /* UIView+FunctionExpansion.h in Headers */,
				ABB0E5542B5587060077C96D /* MKTool.h in Headers */,
				AB62FCFB2B5624DB0075D66A /* MKMD5.h in Headers */,
				AB62FCF62B5624DB0075D66A /* NSString+LocalizedString.h in Headers */,
				AB62FCFE2B5624DB0075D66A /* NSObject+ModelTool.h in Headers */,
				AB62FD052B5624DB0075D66A /* Common.h in Headers */,
				AB62FCF52B5624DB0075D66A /* UIButton+FunctionExpansion.h in Headers */,
				AB62FD022B5624DB0075D66A /* UIColor+MKRGB.h in Headers */,
				AB62FCEF2B5624DB0075D66A /* UITextField+FunctionExpansion.h in Headers */,
				AB62FCF32B5624DB0075D66A /* UIWindow+MKWindowTool.h in Headers */,
				AB62FD082B5624DB0075D66A /* NSNull+Exist.h in Headers */,
				AB62FCEA2B5624DB0075D66A /* UILabel+FunctionExpansion.h in Headers */,
				AB62FD0C2B5624DB0075D66A /* NSNumber+Exist.h in Headers */,
				AB62FCEC2B5624DB0075D66A /* UIViewController+NavigationBar.h in Headers */,
				AB62FCE92B5624DB0075D66A /* UINavigationController+FDFullscreenPopGesture.h in Headers */,
				AB62FCF82B5624DB0075D66A /* NSString+Size.h in Headers */,
			);
			runOnlyForDeploymentPostprocessing = 0;
		};
/* End PBXHeadersBuildPhase section */

/* Begin PBXNativeTarget section */
		ABB0E5422B5587060077C96D /* MKTool */ = {
			isa = PBXNativeTarget;
			buildConfigurationList = ABB0E5572B5587060077C96D /* Build configuration list for PBXNativeTarget "MKTool" */;
			buildPhases = (
				ABB0E53E2B5587060077C96D /* Headers */,
				ABB0E53F2B5587060077C96D /* Sources */,
				ABB0E5402B5587060077C96D /* Frameworks */,
				ABB0E5412B5587060077C96D /* Resources */,
			);
			buildRules = (
			);
			dependencies = (
			);
			name = MKTool;
			productName = MKTool;
			productReference = ABB0E5432B5587060077C96D /* MKTool.framework */;
			productType = "com.apple.product-type.framework";
		};
		ABB0E54C2B5587060077C96D /* MKToolTests */ = {
			isa = PBXNativeTarget;
			buildConfigurationList = ABB0E55A2B5587060077C96D /* Build configuration list for PBXNativeTarget "MKToolTests" */;
			buildPhases = (
				ABB0E5492B5587060077C96D /* Sources */,
				ABB0E54A2B5587060077C96D /* Frameworks */,
				ABB0E54B2B5587060077C96D /* Resources */,
			);
			buildRules = (
			);
			dependencies = (
				ABB0E5502B5587060077C96D /* PBXTargetDependency */,
			);
			name = MKToolTests;
			productName = MKToolTests;
			productReference = ABB0E54D2B5587060077C96D /* MKToolTests.xctest */;
			productType = "com.apple.product-type.bundle.unit-test";
		};
/* End PBXNativeTarget section */

/* Begin PBXProject section */
		ABB0E53A2B5587060077C96D /* Project object */ = {
			isa = PBXProject;
			attributes = {
				BuildIndependentTargetsInParallel = 1;
				LastUpgradeCheck = 1520;
				TargetAttributes = {
					AB554B212B56217500D5A3AA = {
						CreatedOnToolsVersion = 15.0.1;
					};
					ABB0E5422B5587060077C96D = {
						CreatedOnToolsVersion = 15.2;
					};
					ABB0E54C2B5587060077C96D = {
						CreatedOnToolsVersion = 15.2;
					};
				};
			};
			buildConfigurationList = ABB0E53D2B5587060077C96D /* Build configuration list for PBXProject "MKTool" */;
			compatibilityVersion = "Xcode 14.0";
			developmentRegion = en;
			hasScannedForEncodings = 0;
			knownRegions = (
				en,
				Base,
			);
			mainGroup = ABB0E5392B5587060077C96D;
			productRefGroup = ABB0E5442B5587060077C96D /* Products */;
			projectDirPath = "";
			projectRoot = "";
			targets = (
				ABB0E5422B5587060077C96D /* MKTool */,
				ABB0E54C2B5587060077C96D /* MKToolTests */,
				AB554B212B56217500D5A3AA /* PackMKToolSDK */,
			);
		};
/* End PBXProject section */

/* Begin PBXResourcesBuildPhase section */
		ABB0E5412B5587060077C96D /* Resources */ = {
			isa = PBXResourcesBuildPhase;
			buildActionMask = 2147483647;
			files = (
			);
			runOnlyForDeploymentPostprocessing = 0;
		};
		ABB0E54B2B5587060077C96D /* Resources */ = {
			isa = PBXResourcesBuildPhase;
			buildActionMask = 2147483647;
			files = (
			);
			runOnlyForDeploymentPostprocessing = 0;
		};
/* End PBXResourcesBuildPhase section */

/* Begin PBXShellScriptBuildPhase section */
		AB554B252B56218700D5A3AA /* ShellScript */ = {
			isa = PBXShellScriptBuildPhase;
			buildActionMask = 2147483647;
			files = (
			);
			inputFileListPaths = (
			);
			inputPaths = (
			);
			outputFileListPaths = (
			);
			outputPaths = (
			);
			runOnlyForDeploymentPostprocessing = 0;
			shellPath = /bin/sh;
			shellScript = "#!/bin/sh\n#要build的target名\nTARGET_NAME=${PROJECT_NAME}\nif [[ $1 ]]\nthen\nTARGET_NAME=$1\nfi\nUNIVERSAL_OUTPUT_FOLDER=\"${SRCROOT}/${PROJECT_NAME}_Products/MKToolSDK\"\n\n#创建输出目录，并删除之前的framework文件\nmkdir -p \"${UNIVERSAL_OUTPUT_FOLDER}\"\nrm -rf \"${UNIVERSAL_OUTPUT_FOLDER}/${TARGET_NAME}.xcframework\"\n\n#分别编译模拟器和真机的Framework\nxcodebuild -target \"${TARGET_NAME}\" ONLY_ACTIVE_ARCH=NO -configuration ${CONFIGURATION} -sdk iphoneos BUILD_DIR=\"${BUILD_DIR}\" BUILD_ROOT=\"${BUILD_ROOT}\" clean build\nxcodebuild -target \"${TARGET_NAME}\" ONLY_ACTIVE_ARCH=NO -configuration ${CONFIGURATION} -sdk iphonesimulator BUILD_DIR=\"${BUILD_DIR}\" BUILD_ROOT=\"${BUILD_ROOT}\" clean build\n\n#合并成xcframework，输出最终的framework到Products/SDKS目录\nxcodebuild -create-xcframework \\\n-framework \"${BUILD_DIR}/${CONFIGURATION}-iphoneos/${TARGET_NAME}.framework\" \\\n-framework \"${BUILD_DIR}/${CONFIGURATION}-iphonesimulator/${TARGET_NAME}.framework\" \\\n-output \"${UNIVERSAL_OUTPUT_FOLDER}/${TARGET_NAME}.xcframework\"\n\n\n#判断build文件夹是否存在，存在则删除\nif [ -d \"${SRCROOT}/build\" ]\nthen\nrm -rf \"${SRCROOT}/build\"\nfi\n\n#打开合并后的文件夹\nopen \"${UNIVERSAL_OUTPUT_FOLDER}\"\n";
		};
/* End PBXShellScriptBuildPhase section */

/* Begin PBXSourcesBuildPhase section */
		ABB0E53F2B5587060077C96D /* Sources */ = {
			isa = PBXSourcesBuildPhase;
			buildActionMask = 2147483647;
			files = (
				AB62FCFA2B5624DB0075D66A /* NSString+LocalizedString.m in Sources */,
				AB62FD002B5624DB0075D66A /* NSObject+ModelTool.m in Sources */,
				AB62FCF22B5624DB0075D66A /* UIViewController+NavigationBar.m in Sources */,
				AB62FCEE2B5624DB0075D66A /* UIView+FunctionExpansion.m in Sources */,
				AB62FCFC2B5624DB0075D66A /* XTTimeTool.m in Sources */,
				AB62FD092B5624DB0075D66A /* NSNumber+Exist.m in Sources */,
				AB62FCFD2B5624DB0075D66A /* NSString+Size.m in Sources */,
				AB62FD0B2B5624DB0075D66A /* NSString+Exist.m in Sources */,
				ABB0E5482B5587060077C96D /* MKTool.docc in Sources */,
				AB62FCF72B5624DB0075D66A /* MKMD5.m in Sources */,
				AB62FD032B5624DB0075D66A /* UIColor+MKRGB.m in Sources */,
				AB62FCE82B5624DB0075D66A /* UITextField+FunctionExpansion.m in Sources */,
				AB62FCEB2B5624DB0075D66A /* UIWindow+MKWindowTool.m in Sources */,
				AB62FCF02B5624DB0075D66A /* UILabel+FunctionExpansion.m in Sources */,
				AB62FD0A2B5624DB0075D66A /* NSNull+Exist.m in Sources */,
				AB62FD042B5624DB0075D66A /* Common.m in Sources */,
				AB62FCFF2B5624DB0075D66A /* NSDictionary+FromModel.m in Sources */,
				AB62FCF12B5624DB0075D66A /* UINavigationController+FDFullscreenPopGesture.m in Sources */,
				AB62FCED2B5624DB0075D66A /* UIButton+FunctionExpansion.m in Sources */,
			);
			runOnlyForDeploymentPostprocessing = 0;
		};
		ABB0E5492B5587060077C96D /* Sources */ = {
			isa = PBXSourcesBuildPhase;
			buildActionMask = 2147483647;
			files = (
				ABB0E5532B5587060077C96D /* MKToolTests.m in Sources */,
			);
			runOnlyForDeploymentPostprocessing = 0;
		};
/* End PBXSourcesBuildPhase section */

/* Begin PBXTargetDependency section */
		ABB0E5502B5587060077C96D /* PBXTargetDependency */ = {
			isa = PBXTargetDependency;
			target = ABB0E5422B5587060077C96D /* MKTool */;
			targetProxy = ABB0E54F2B5587060077C96D /* PBXContainerItemProxy */;
		};
/* End PBXTargetDependency section */

/* Begin XCBuildConfiguration section */
		AB554B222B56217500D5A3AA /* Debug */ = {
			isa = XCBuildConfiguration;
			buildSettings = {
				CODE_SIGN_STYLE = Automatic;
				DEVELOPMENT_TEAM = FDRWRXCL7C;
				PRODUCT_NAME = "$(TARGET_NAME)";
			};
			name = Debug;
		};
		AB554B232B56217500D5A3AA /* Release */ = {
			isa = XCBuildConfiguration;
			buildSettings = {
				CODE_SIGN_STYLE = Automatic;
				DEVELOPMENT_TEAM = FDRWRXCL7C;
				PRODUCT_NAME = "$(TARGET_NAME)";
			};
			name = Release;
		};
		ABB0E5552B5587060077C96D /* Debug */ = {
			isa = XCBuildConfiguration;
			buildSettings = {
				ALWAYS_SEARCH_USER_PATHS = NO;
				ASSETCATALOG_COMPILER_GENERATE_SWIFT_ASSET_SYMBOL_EXTENSIONS = YES;
				CLANG_ANALYZER_NONNULL = YES;
				CLANG_ANALYZER_NUMBER_OBJECT_CONVERSION = YES_AGGRESSIVE;
				CLANG_CXX_LANGUAGE_STANDARD = "gnu++20";
				CLANG_ENABLE_MODULES = YES;
				CLANG_ENABLE_OBJC_ARC = YES;
				CLANG_ENABLE_OBJC_WEAK = YES;
				CLANG_WARN_BLOCK_CAPTURE_AUTORELEASING = YES;
				CLANG_WARN_BOOL_CONVERSION = YES;
				CLANG_WARN_COMMA = YES;
				CLANG_WARN_CONSTANT_CONVERSION = YES;
				CLANG_WARN_DEPRECATED_OBJC_IMPLEMENTATIONS = YES;
				CLANG_WARN_DIRECT_OBJC_ISA_USAGE = YES_ERROR;
				CLANG_WARN_DOCUMENTATION_COMMENTS = YES;
				CLANG_WARN_EMPTY_BODY = YES;
				CLANG_WARN_ENUM_CONVERSION = YES;
				CLANG_WARN_INFINITE_RECURSION = YES;
				CLANG_WARN_INT_CONVERSION = YES;
				CLANG_WARN_NON_LITERAL_NULL_CONVERSION = YES;
				CLANG_WARN_OBJC_IMPLICIT_RETAIN_SELF = YES;
				CLANG_WARN_OBJC_LITERAL_CONVERSION = YES;
				CLANG_WARN_OBJC_ROOT_CLASS = YES_ERROR;
				CLANG_WARN_QUOTED_INCLUDE_IN_FRAMEWORK_HEADER = YES;
				CLANG_WARN_RANGE_LOOP_ANALYSIS = YES;
				CLANG_WARN_STRICT_PROTOTYPES = YES;
				CLANG_WARN_SUSPICIOUS_MOVE = YES;
				CLANG_WARN_UNGUARDED_AVAILABILITY = YES_AGGRESSIVE;
				CLANG_WARN_UNREACHABLE_CODE = YES;
				CLANG_WARN__DUPLICATE_METHOD_MATCH = YES;
				COPY_PHASE_STRIP = NO;
				CURRENT_PROJECT_VERSION = 1;
				DEBUG_INFORMATION_FORMAT = dwarf;
				ENABLE_STRICT_OBJC_MSGSEND = YES;
				ENABLE_TESTABILITY = YES;
				ENABLE_USER_SCRIPT_SANDBOXING = YES;
				GCC_C_LANGUAGE_STANDARD = gnu17;
				GCC_DYNAMIC_NO_PIC = NO;
				GCC_NO_COMMON_BLOCKS = YES;
				GCC_OPTIMIZATION_LEVEL = 0;
				GCC_PREPROCESSOR_DEFINITIONS = (
					"DEBUG=1",
					"$(inherited)",
				);
				GCC_WARN_64_TO_32_BIT_CONVERSION = YES;
				GCC_WARN_ABOUT_RETURN_TYPE = YES_ERROR;
				GCC_WARN_UNDECLARED_SELECTOR = YES;
				GCC_WARN_UNINITIALIZED_AUTOS = YES_AGGRESSIVE;
				GCC_WARN_UNUSED_FUNCTION = YES;
				GCC_WARN_UNUSED_VARIABLE = YES;
				IPHONEOS_DEPLOYMENT_TARGET = 17.2;
				LOCALIZATION_PREFERS_STRING_CATALOGS = YES;
				MTL_ENABLE_DEBUG_INFO = INCLUDE_SOURCE;
				MTL_FAST_MATH = YES;
				ONLY_ACTIVE_ARCH = YES;
				SDKROOT = iphoneos;
				VERSIONING_SYSTEM = "apple-generic";
				VERSION_INFO_PREFIX = "";
			};
			name = Debug;
		};
		ABB0E5562B5587060077C96D /* Release */ = {
			isa = XCBuildConfiguration;
			buildSettings = {
				ALWAYS_SEARCH_USER_PATHS = NO;
				ASSETCATALOG_COMPILER_GENERATE_SWIFT_ASSET_SYMBOL_EXTENSIONS = YES;
				CLANG_ANALYZER_NONNULL = YES;
				CLANG_ANALYZER_NUMBER_OBJECT_CONVERSION = YES_AGGRESSIVE;
				CLANG_CXX_LANGUAGE_STANDARD = "gnu++20";
				CLANG_ENABLE_MODULES = YES;
				CLANG_ENABLE_OBJC_ARC = YES;
				CLANG_ENABLE_OBJC_WEAK = YES;
				CLANG_WARN_BLOCK_CAPTURE_AUTORELEASING = YES;
				CLANG_WARN_BOOL_CONVERSION = YES;
				CLANG_WARN_COMMA = YES;
				CLANG_WARN_CONSTANT_CONVERSION = YES;
				CLANG_WARN_DEPRECATED_OBJC_IMPLEMENTATIONS = YES;
				CLANG_WARN_DIRECT_OBJC_ISA_USAGE = YES_ERROR;
				CLANG_WARN_DOCUMENTATION_COMMENTS = YES;
				CLANG_WARN_EMPTY_BODY = YES;
				CLANG_WARN_ENUM_CONVERSION = YES;
				CLANG_WARN_INFINITE_RECURSION = YES;
				CLANG_WARN_INT_CONVERSION = YES;
				CLANG_WARN_NON_LITERAL_NULL_CONVERSION = YES;
				CLANG_WARN_OBJC_IMPLICIT_RETAIN_SELF = YES;
				CLANG_WARN_OBJC_LITERAL_CONVERSION = YES;
				CLANG_WARN_OBJC_ROOT_CLASS = YES_ERROR;
				CLANG_WARN_QUOTED_INCLUDE_IN_FRAMEWORK_HEADER = YES;
				CLANG_WARN_RANGE_LOOP_ANALYSIS = YES;
				CLANG_WARN_STRICT_PROTOTYPES = YES;
				CLANG_WARN_SUSPICIOUS_MOVE = YES;
				CLANG_WARN_UNGUARDED_AVAILABILITY = YES_AGGRESSIVE;
				CLANG_WARN_UNREACHABLE_CODE = YES;
				CLANG_WARN__DUPLICATE_METHOD_MATCH = YES;
				COPY_PHASE_STRIP = NO;
				CURRENT_PROJECT_VERSION = 1;
				DEBUG_INFORMATION_FORMAT = "dwarf-with-dsym";
				ENABLE_NS_ASSERTIONS = NO;
				ENABLE_STRICT_OBJC_MSGSEND = YES;
				ENABLE_USER_SCRIPT_SANDBOXING = YES;
				GCC_C_LANGUAGE_STANDARD = gnu17;
				GCC_NO_COMMON_BLOCKS = YES;
				GCC_WARN_64_TO_32_BIT_CONVERSION = YES;
				GCC_WARN_ABOUT_RETURN_TYPE = YES_ERROR;
				GCC_WARN_UNDECLARED_SELECTOR = YES;
				GCC_WARN_UNINITIALIZED_AUTOS = YES_AGGRESSIVE;
				GCC_WARN_UNUSED_FUNCTION = YES;
				GCC_WARN_UNUSED_VARIABLE = YES;
				IPHONEOS_DEPLOYMENT_TARGET = 17.2;
				LOCALIZATION_PREFERS_STRING_CATALOGS = YES;
				MTL_ENABLE_DEBUG_INFO = NO;
				MTL_FAST_MATH = YES;
				SDKROOT = iphoneos;
				VALIDATE_PRODUCT = YES;
				VERSIONING_SYSTEM = "apple-generic";
				VERSION_INFO_PREFIX = "";
			};
			name = Release;
		};
		ABB0E5582B5587060077C96D /* Debug */ = {
			isa = XCBuildConfiguration;
			buildSettings = {
				CODE_SIGN_STYLE = Automatic;
				CURRENT_PROJECT_VERSION = 1;
				DEFINES_MODULE = YES;
				DEVELOPMENT_TEAM = E9SCBD8ZRE;
				DYLIB_COMPATIBILITY_VERSION = 1;
				DYLIB_CURRENT_VERSION = 1;
				DYLIB_INSTALL_NAME_BASE = "@rpath";
				ENABLE_BITCODE = YES;
				ENABLE_MODULE_VERIFIER = YES;
				GENERATE_INFOPLIST_FILE = YES;
				INFOPLIST_KEY_NSHumanReadableCopyright = "";
				INSTALL_PATH = "$(LOCAL_LIBRARY_DIR)/Frameworks";
				IPHONEOS_DEPLOYMENT_TARGET = 12.0;
				LD_RUNPATH_SEARCH_PATHS = (
					"$(inherited)",
					"@executable_path/Frameworks",
					"@loader_path/Frameworks",
				);
				MACH_O_TYPE = staticlib;
				MARKETING_VERSION = 1.0.0;
				MODULE_VERIFIER_SUPPORTED_LANGUAGES = "objective-c objective-c++";
				MODULE_VERIFIER_SUPPORTED_LANGUAGE_STANDARDS = "gnu17 gnu++20";
				ONLY_ACTIVE_ARCH = NO;
				PRODUCT_BUNDLE_IDENTIFIER = com.mmk.MKTool;
				PRODUCT_NAME = "$(TARGET_NAME:c99extidentifier)";
				SKIP_INSTALL = YES;
				SWIFT_EMIT_LOC_STRINGS = YES;
				TARGETED_DEVICE_FAMILY = "1,2";
			};
			name = Debug;
		};
		ABB0E5592B5587060077C96D /* Release */ = {
			isa = XCBuildConfiguration;
			buildSettings = {
				CODE_SIGN_STYLE = Automatic;
				CURRENT_PROJECT_VERSION = 1;
				DEFINES_MODULE = YES;
				DEVELOPMENT_TEAM = E9SCBD8ZRE;
				DYLIB_COMPATIBILITY_VERSION = 1;
				DYLIB_CURRENT_VERSION = 1;
				DYLIB_INSTALL_NAME_BASE = "@rpath";
				ENABLE_BITCODE = YES;
				ENABLE_MODULE_VERIFIER = YES;
				GENERATE_INFOPLIST_FILE = YES;
				INFOPLIST_KEY_NSHumanReadableCopyright = "";
				INSTALL_PATH = "$(LOCAL_LIBRARY_DIR)/Frameworks";
				IPHONEOS_DEPLOYMENT_TARGET = 12.0;
				LD_RUNPATH_SEARCH_PATHS = (
					"$(inherited)",
					"@executable_path/Frameworks",
					"@loader_path/Frameworks",
				);
				MACH_O_TYPE = staticlib;
				MARKETING_VERSION = 1.0.0;
				MODULE_VERIFIER_SUPPORTED_LANGUAGES = "objective-c objective-c++";
				MODULE_VERIFIER_SUPPORTED_LANGUAGE_STANDARDS = "gnu17 gnu++20";
				ONLY_ACTIVE_ARCH = NO;
				PRODUCT_BUNDLE_IDENTIFIER = com.mmk.MKTool;
				PRODUCT_NAME = "$(TARGET_NAME:c99extidentifier)";
				SKIP_INSTALL = YES;
				SWIFT_EMIT_LOC_STRINGS = YES;
				TARGETED_DEVICE_FAMILY = "1,2";
			};
			name = Release;
		};
		ABB0E55B2B5587060077C96D /* Debug */ = {
			isa = XCBuildConfiguration;
			buildSettings = {
				CODE_SIGN_STYLE = Automatic;
				CURRENT_PROJECT_VERSION = 1;
				DEVELOPMENT_TEAM = E9SCBD8ZRE;
				GENERATE_INFOPLIST_FILE = YES;
				MARKETING_VERSION = 1.0;
				PRODUCT_BUNDLE_IDENTIFIER = com.mmk.MKToolTests;
				PRODUCT_NAME = "$(TARGET_NAME)";
				SWIFT_EMIT_LOC_STRINGS = NO;
				TARGETED_DEVICE_FAMILY = "1,2";
			};
			name = Debug;
		};
		ABB0E55C2B5587060077C96D /* Release */ = {
			isa = XCBuildConfiguration;
			buildSettings = {
				CODE_SIGN_STYLE = Automatic;
				CURRENT_PROJECT_VERSION = 1;
				DEVELOPMENT_TEAM = E9SCBD8ZRE;
				GENERATE_INFOPLIST_FILE = YES;
				MARKETING_VERSION = 1.0;
				PRODUCT_BUNDLE_IDENTIFIER = com.mmk.MKToolTests;
				PRODUCT_NAME = "$(TARGET_NAME)";
				SWIFT_EMIT_LOC_STRINGS = NO;
				TARGETED_DEVICE_FAMILY = "1,2";
			};
			name = Release;
		};
/* End XCBuildConfiguration section */

/* Begin XCConfigurationList section */
		AB554B242B56217500D5A3AA /* Build configuration list for PBXAggregateTarget "PackMKToolSDK" */ = {
			isa = XCConfigurationList;
			buildConfigurations = (
				AB554B222B56217500D5A3AA /* Debug */,
				AB554B232B56217500D5A3AA /* Release */,
			);
			defaultConfigurationIsVisible = 0;
			defaultConfigurationName = Release;
		};
		ABB0E53D2B5587060077C96D /* Build configuration list for PBXProject "MKTool" */ = {
			isa = XCConfigurationList;
			buildConfigurations = (
				ABB0E5552B5587060077C96D /* Debug */,
				ABB0E5562B5587060077C96D /* Release */,
			);
			defaultConfigurationIsVisible = 0;
			defaultConfigurationName = Release;
		};
		ABB0E5572B5587060077C96D /* Build configuration list for PBXNativeTarget "MKTool" */ = {
			isa = XCConfigurationList;
			buildConfigurations = (
				ABB0E5582B5587060077C96D /* Debug */,
				ABB0E5592B5587060077C96D /* Release */,
			);
			defaultConfigurationIsVisible = 0;
			defaultConfigurationName = Release;
		};
		ABB0E55A2B5587060077C96D /* Build configuration list for PBXNativeTarget "MKToolTests" */ = {
			isa = XCConfigurationList;
			buildConfigurations = (
				ABB0E55B2B5587060077C96D /* Debug */,
				ABB0E55C2B5587060077C96D /* Release */,
			);
			defaultConfigurationIsVisible = 0;
			defaultConfigurationName = Release;
		};
/* End XCConfigurationList section */
	};
	rootObject = ABB0E53A2B5587060077C96D /* Project object */;
}
